// !$*UTF8*$!
{
	archiveVersion = 1;
	classes = {
	};
	objectVersion = 46;
	objects = {

/* Begin PBXBuildFile section */
		F903F8161D8BAF5900DDC885 /* SWRevealViewController.m in Sources */ = {isa = PBXBuildFile; fileRef = F903F8151D8BAF5900DDC885 /* SWRevealViewController.m */; };
		F91FA0751D90F57C00E9A0E0 /* CommentTVC.m in Sources */ = {isa = PBXBuildFile; fileRef = F903E9861D8D6576007931A4 /* CommentTVC.m */; };
		F91FA0771D91064300E9A0E0 /* FormatterKit.framework in Frameworks */ = {isa = PBXBuildFile; fileRef = F91FA0761D91064300E9A0E0 /* FormatterKit.framework */; };
		F930EF4B1D93E9A400E86DE0 /* StoryType+CoreDataProperties.m in Sources */ = {isa = PBXBuildFile; fileRef = F930EF481D93E9A400E86DE0 /* StoryType+CoreDataProperties.m */; };
		F930EF4C1D93E9A400E86DE0 /* StoryType.m in Sources */ = {isa = PBXBuildFile; fileRef = F930EF4A1D93E9A400E86DE0 /* StoryType.m */; };
		F930EF4F1D93EB6800E86DE0 /* StoryType+Create.m in Sources */ = {isa = PBXBuildFile; fileRef = F930EF4E1D93EB6800E86DE0 /* StoryType+Create.m */; };
		F939C0911D7D619F00AF23DE /* AFNetworking.framework in Frameworks */ = {isa = PBXBuildFile; fileRef = F939C0901D7D619F00AF23DE /* AFNetworking.framework */; };
		F93B0D0D1D74154F00D5A172 /* User+Create.m in Sources */ = {isa = PBXBuildFile; fileRef = F93B0D0C1D74154F00D5A172 /* User+Create.m */; };
		F93B0D101D74156600D5A172 /* NewsItem+Create.m in Sources */ = {isa = PBXBuildFile; fileRef = F93B0D0F1D74156600D5A172 /* NewsItem+Create.m */; };
		F981E8181D8FC6F200AA88A8 /* RABatchChangeEntity.m in Sources */ = {isa = PBXBuildFile; fileRef = F981E7FA1D8FC6F200AA88A8 /* RABatchChangeEntity.m */; };
		F981E8191D8FC6F200AA88A8 /* RABatchChanges.m in Sources */ = {isa = PBXBuildFile; fileRef = F981E7FC1D8FC6F200AA88A8 /* RABatchChanges.m */; };
		F981E81A1D8FC6F200AA88A8 /* RATableView.m in Sources */ = {isa = PBXBuildFile; fileRef = F981E7FE1D8FC6F200AA88A8 /* RATableView.m */; };
		F981E81B1D8FC6F200AA88A8 /* RATreeNode.m in Sources */ = {isa = PBXBuildFile; fileRef = F981E8001D8FC6F200AA88A8 /* RATreeNode.m */; };
		F981E81C1D8FC6F200AA88A8 /* RATreeNodeCollectionController.m in Sources */ = {isa = PBXBuildFile; fileRef = F981E8031D8FC6F200AA88A8 /* RATreeNodeCollectionController.m */; };
		F981E81D1D8FC6F200AA88A8 /* RATreeNodeController.m in Sources */ = {isa = PBXBuildFile; fileRef = F981E8051D8FC6F200AA88A8 /* RATreeNodeController.m */; };
		F981E81E1D8FC6F200AA88A8 /* RATreeNodeItem+Private.m in Sources */ = {isa = PBXBuildFile; fileRef = F981E8081D8FC6F200AA88A8 /* RATreeNodeItem+Private.m */; };
		F981E81F1D8FC6F200AA88A8 /* RATreeNodeItem.m in Sources */ = {isa = PBXBuildFile; fileRef = F981E80A1D8FC6F200AA88A8 /* RATreeNodeItem.m */; };
		F981E8201D8FC6F200AA88A8 /* RATreeView+Enums.m in Sources */ = {isa = PBXBuildFile; fileRef = F981E80C1D8FC6F200AA88A8 /* RATreeView+Enums.m */; };
		F981E8211D8FC6F200AA88A8 /* RATreeView+Private.m in Sources */ = {isa = PBXBuildFile; fileRef = F981E80E1D8FC6F200AA88A8 /* RATreeView+Private.m */; };
		F981E8221D8FC6F200AA88A8 /* RATreeView+RATreeNodeCollectionControllerDataSource.m in Sources */ = {isa = PBXBuildFile; fileRef = F981E8101D8FC6F200AA88A8 /* RATreeView+RATreeNodeCollectionControllerDataSource.m */; };
		F981E8231D8FC6F200AA88A8 /* RATreeView+TableViewDataSource.m in Sources */ = {isa = PBXBuildFile; fileRef = F981E8121D8FC6F200AA88A8 /* RATreeView+TableViewDataSource.m */; };
		F981E8241D8FC6F200AA88A8 /* RATreeView+TableViewDelegate.m in Sources */ = {isa = PBXBuildFile; fileRef = F981E8141D8FC6F200AA88A8 /* RATreeView+TableViewDelegate.m */; };
		F981E8251D8FC6F200AA88A8 /* RATreeView.m in Sources */ = {isa = PBXBuildFile; fileRef = F981E8171D8FC6F200AA88A8 /* RATreeView.m */; };
		F981E82B1D8FC83F00AA88A8 /* RADataObject.m in Sources */ = {isa = PBXBuildFile; fileRef = F981E8271D8FC83F00AA88A8 /* RADataObject.m */; };
		F981E82C1D8FC83F00AA88A8 /* RATableViewCell.m in Sources */ = {isa = PBXBuildFile; fileRef = F981E8291D8FC83F00AA88A8 /* RATableViewCell.m */; };
		F981E82D1D8FC83F00AA88A8 /* RATableViewCell.xib in Resources */ = {isa = PBXBuildFile; fileRef = F981E82A1D8FC83F00AA88A8 /* RATableViewCell.xib */; };
		F988FA181D78168300702D65 /* CoreDataTableViewController.m in Sources */ = {isa = PBXBuildFile; fileRef = F988FA171D78168300702D65 /* CoreDataTableViewController.m */; };
		F9B4E8BE1D71C43D00CB0FA8 /* main.m in Sources */ = {isa = PBXBuildFile; fileRef = F9B4E8BD1D71C43D00CB0FA8 /* main.m */; };
		F9B4E8C11D71C43D00CB0FA8 /* AppDelegate.m in Sources */ = {isa = PBXBuildFile; fileRef = F9B4E8C01D71C43D00CB0FA8 /* AppDelegate.m */; };
		F9B4E8C71D71C43D00CB0FA8 /* Main.storyboard in Resources */ = {isa = PBXBuildFile; fileRef = F9B4E8C51D71C43D00CB0FA8 /* Main.storyboard */; };
		F9B4E8CA1D71C43D00CB0FA8 /* HackerNews.xcdatamodeld in Sources */ = {isa = PBXBuildFile; fileRef = F9B4E8C81D71C43D00CB0FA8 /* HackerNews.xcdatamodeld */; };
		F9B4E8CC1D71C43D00CB0FA8 /* Assets.xcassets in Resources */ = {isa = PBXBuildFile; fileRef = F9B4E8CB1D71C43D00CB0FA8 /* Assets.xcassets */; };
		F9B4E8CF1D71C43D00CB0FA8 /* LaunchScreen.storyboard in Resources */ = {isa = PBXBuildFile; fileRef = F9B4E8CD1D71C43D00CB0FA8 /* LaunchScreen.storyboard */; };
		F9B4E8DE1D71C6CA00CB0FA8 /* User+CoreDataProperties.m in Sources */ = {isa = PBXBuildFile; fileRef = F9B4E8D71D71C6CA00CB0FA8 /* User+CoreDataProperties.m */; };
		F9B4E8DF1D71C6CA00CB0FA8 /* User.m in Sources */ = {isa = PBXBuildFile; fileRef = F9B4E8D91D71C6CA00CB0FA8 /* User.m */; };
		F9B4E8E01D71C6CA00CB0FA8 /* NewsItem+CoreDataProperties.m in Sources */ = {isa = PBXBuildFile; fileRef = F9B4E8DB1D71C6CA00CB0FA8 /* NewsItem+CoreDataProperties.m */; };
		F9B4E8E11D71C6CA00CB0FA8 /* NewsItem.m in Sources */ = {isa = PBXBuildFile; fileRef = F9B4E8DD1D71C6CA00CB0FA8 /* NewsItem.m */; };
		F9B4E8E61D71C74300CB0FA8 /* HNFetcher.m in Sources */ = {isa = PBXBuildFile; fileRef = F9B4E8E51D71C74300CB0FA8 /* HNFetcher.m */; };
		F9B4E8F51D71C82200CB0FA8 /* NewsItemContentVC.m in Sources */ = {isa = PBXBuildFile; fileRef = F9B4E8F01D71C82200CB0FA8 /* NewsItemContentVC.m */; };
		F9B4E8F61D71C82200CB0FA8 /* NewsTVC.m in Sources */ = {isa = PBXBuildFile; fileRef = F9B4E8F21D71C82200CB0FA8 /* NewsTVC.m */; };
		F9B4E8F71D71C82200CB0FA8 /* NewsItemTVC.m in Sources */ = {isa = PBXBuildFile; fileRef = F9B4E8F41D71C82200CB0FA8 /* NewsItemTVC.m */; };
		F9C8BB7C1D98EA770021C7AB /* HNWebViewController.m in Sources */ = {isa = PBXBuildFile; fileRef = F9C8BB7B1D98EA770021C7AB /* HNWebViewController.m */; };
/* End PBXBuildFile section */

/* Begin PBXFileReference section */
		F903E9851D8D6576007931A4 /* CommentTVC.h */ = {isa = PBXFileReference; fileEncoding = 4; lastKnownFileType = sourcecode.c.h; path = CommentTVC.h; sourceTree = "<group>"; };
		F903E9861D8D6576007931A4 /* CommentTVC.m */ = {isa = PBXFileReference; fileEncoding = 4; lastKnownFileType = sourcecode.c.objc; path = CommentTVC.m; sourceTree = "<group>"; };
		F903F8141D8BAF5900DDC885 /* SWRevealViewController.h */ = {isa = PBXFileReference; fileEncoding = 4; lastKnownFileType = sourcecode.c.h; path = SWRevealViewController.h; sourceTree = "<group>"; };
		F903F8151D8BAF5900DDC885 /* SWRevealViewController.m */ = {isa = PBXFileReference; fileEncoding = 4; lastKnownFileType = sourcecode.c.objc; path = SWRevealViewController.m; sourceTree = "<group>"; };
		F91FA0761D91064300E9A0E0 /* FormatterKit.framework */ = {isa = PBXFileReference; lastKnownFileType = wrapper.framework; name = FormatterKit.framework; path = Carthage/Build/iOS/FormatterKit.framework; sourceTree = "<group>"; };
		F930EF471D93E9A400E86DE0 /* StoryType+CoreDataProperties.h */ = {isa = PBXFileReference; fileEncoding = 4; lastKnownFileType = sourcecode.c.h; path = "StoryType+CoreDataProperties.h"; sourceTree = "<group>"; };
		F930EF481D93E9A400E86DE0 /* StoryType+CoreDataProperties.m */ = {isa = PBXFileReference; fileEncoding = 4; lastKnownFileType = sourcecode.c.objc; path = "StoryType+CoreDataProperties.m"; sourceTree = "<group>"; };
		F930EF491D93E9A400E86DE0 /* StoryType.h */ = {isa = PBXFileReference; fileEncoding = 4; lastKnownFileType = sourcecode.c.h; path = StoryType.h; sourceTree = "<group>"; };
		F930EF4A1D93E9A400E86DE0 /* StoryType.m */ = {isa = PBXFileReference; fileEncoding = 4; lastKnownFileType = sourcecode.c.objc; path = StoryType.m; sourceTree = "<group>"; };
		F930EF4D1D93EB6800E86DE0 /* StoryType+Create.h */ = {isa = PBXFileReference; fileEncoding = 4; lastKnownFileType = sourcecode.c.h; path = "StoryType+Create.h"; sourceTree = "<group>"; };
		F930EF4E1D93EB6800E86DE0 /* StoryType+Create.m */ = {isa = PBXFileReference; fileEncoding = 4; lastKnownFileType = sourcecode.c.objc; path = "StoryType+Create.m"; sourceTree = "<group>"; };
		F939C0901D7D619F00AF23DE /* AFNetworking.framework */ = {isa = PBXFileReference; lastKnownFileType = wrapper.framework; name = AFNetworking.framework; path = Carthage/Build/iOS/AFNetworking.framework; sourceTree = "<group>"; };
		F93B0D0B1D74154F00D5A172 /* User+Create.h */ = {isa = PBXFileReference; fileEncoding = 4; lastKnownFileType = sourcecode.c.h; path = "User+Create.h"; sourceTree = "<group>"; };
		F93B0D0C1D74154F00D5A172 /* User+Create.m */ = {isa = PBXFileReference; fileEncoding = 4; lastKnownFileType = sourcecode.c.objc; path = "User+Create.m"; sourceTree = "<group>"; };
		F93B0D0E1D74156600D5A172 /* NewsItem+Create.h */ = {isa = PBXFileReference; fileEncoding = 4; lastKnownFileType = sourcecode.c.h; path = "NewsItem+Create.h"; sourceTree = "<group>"; };
		F93B0D0F1D74156600D5A172 /* NewsItem+Create.m */ = {isa = PBXFileReference; fileEncoding = 4; lastKnownFileType = sourcecode.c.objc; path = "NewsItem+Create.m"; sourceTree = "<group>"; };
		F981E7F91D8FC6F200AA88A8 /* RABatchChangeEntity.h */ = {isa = PBXFileReference; fileEncoding = 4; lastKnownFileType = sourcecode.c.h; path = RABatchChangeEntity.h; sourceTree = "<group>"; };
		F981E7FA1D8FC6F200AA88A8 /* RABatchChangeEntity.m */ = {isa = PBXFileReference; fileEncoding = 4; lastKnownFileType = sourcecode.c.objc; path = RABatchChangeEntity.m; sourceTree = "<group>"; };
		F981E7FB1D8FC6F200AA88A8 /* RABatchChanges.h */ = {isa = PBXFileReference; fileEncoding = 4; lastKnownFileType = sourcecode.c.h; path = RABatchChanges.h; sourceTree = "<group>"; };
		F981E7FC1D8FC6F200AA88A8 /* RABatchChanges.m */ = {isa = PBXFileReference; fileEncoding = 4; lastKnownFileType = sourcecode.c.objc; path = RABatchChanges.m; sourceTree = "<group>"; };
		F981E7FD1D8FC6F200AA88A8 /* RATableView.h */ = {isa = PBXFileReference; fileEncoding = 4; lastKnownFileType = sourcecode.c.h; path = RATableView.h; sourceTree = "<group>"; };
		F981E7FE1D8FC6F200AA88A8 /* RATableView.m */ = {isa = PBXFileReference; fileEncoding = 4; lastKnownFileType = sourcecode.c.objc; path = RATableView.m; sourceTree = "<group>"; };
		F981E7FF1D8FC6F200AA88A8 /* RATreeNode.h */ = {isa = PBXFileReference; fileEncoding = 4; lastKnownFileType = sourcecode.c.h; path = RATreeNode.h; sourceTree = "<group>"; };
		F981E8001D8FC6F200AA88A8 /* RATreeNode.m */ = {isa = PBXFileReference; fileEncoding = 4; lastKnownFileType = sourcecode.c.objc; path = RATreeNode.m; sourceTree = "<group>"; };
		F981E8011D8FC6F200AA88A8 /* RATreeNode_ClassExtension.h */ = {isa = PBXFileReference; fileEncoding = 4; lastKnownFileType = sourcecode.c.h; path = RATreeNode_ClassExtension.h; sourceTree = "<group>"; };
		F981E8021D8FC6F200AA88A8 /* RATreeNodeCollectionController.h */ = {isa = PBXFileReference; fileEncoding = 4; lastKnownFileType = sourcecode.c.h; path = RATreeNodeCollectionController.h; sourceTree = "<group>"; };
		F981E8031D8FC6F200AA88A8 /* RATreeNodeCollectionController.m */ = {isa = PBXFileReference; fileEncoding = 4; lastKnownFileType = sourcecode.c.objc; path = RATreeNodeCollectionController.m; sourceTree = "<group>"; };
		F981E8041D8FC6F200AA88A8 /* RATreeNodeController.h */ = {isa = PBXFileReference; fileEncoding = 4; lastKnownFileType = sourcecode.c.h; path = RATreeNodeController.h; sourceTree = "<group>"; };
		F981E8051D8FC6F200AA88A8 /* RATreeNodeController.m */ = {isa = PBXFileReference; fileEncoding = 4; lastKnownFileType = sourcecode.c.objc; path = RATreeNodeController.m; sourceTree = "<group>"; };
		F981E8061D8FC6F200AA88A8 /* RATreeNodeItem+ClassExtension.h */ = {isa = PBXFileReference; fileEncoding = 4; lastKnownFileType = sourcecode.c.h; path = "RATreeNodeItem+ClassExtension.h"; sourceTree = "<group>"; };
		F981E8071D8FC6F200AA88A8 /* RATreeNodeItem+Private.h */ = {isa = PBXFileReference; fileEncoding = 4; lastKnownFileType = sourcecode.c.h; path = "RATreeNodeItem+Private.h"; sourceTree = "<group>"; };
		F981E8081D8FC6F200AA88A8 /* RATreeNodeItem+Private.m */ = {isa = PBXFileReference; fileEncoding = 4; lastKnownFileType = sourcecode.c.objc; path = "RATreeNodeItem+Private.m"; sourceTree = "<group>"; };
		F981E8091D8FC6F200AA88A8 /* RATreeNodeItem.h */ = {isa = PBXFileReference; fileEncoding = 4; lastKnownFileType = sourcecode.c.h; path = RATreeNodeItem.h; sourceTree = "<group>"; };
		F981E80A1D8FC6F200AA88A8 /* RATreeNodeItem.m */ = {isa = PBXFileReference; fileEncoding = 4; lastKnownFileType = sourcecode.c.objc; path = RATreeNodeItem.m; sourceTree = "<group>"; };
		F981E80B1D8FC6F200AA88A8 /* RATreeView+Enums.h */ = {isa = PBXFileReference; fileEncoding = 4; lastKnownFileType = sourcecode.c.h; path = "RATreeView+Enums.h"; sourceTree = "<group>"; };
		F981E80C1D8FC6F200AA88A8 /* RATreeView+Enums.m */ = {isa = PBXFileReference; fileEncoding = 4; lastKnownFileType = sourcecode.c.objc; path = "RATreeView+Enums.m"; sourceTree = "<group>"; };
		F981E80D1D8FC6F200AA88A8 /* RATreeView+Private.h */ = {isa = PBXFileReference; fileEncoding = 4; lastKnownFileType = sourcecode.c.h; path = "RATreeView+Private.h"; sourceTree = "<group>"; };
		F981E80E1D8FC6F200AA88A8 /* RATreeView+Private.m */ = {isa = PBXFileReference; fileEncoding = 4; lastKnownFileType = sourcecode.c.objc; path = "RATreeView+Private.m"; sourceTree = "<group>"; };
		F981E80F1D8FC6F200AA88A8 /* RATreeView+RATreeNodeCollectionControllerDataSource.h */ = {isa = PBXFileReference; fileEncoding = 4; lastKnownFileType = sourcecode.c.h; path = "RATreeView+RATreeNodeCollectionControllerDataSource.h"; sourceTree = "<group>"; };
		F981E8101D8FC6F200AA88A8 /* RATreeView+RATreeNodeCollectionControllerDataSource.m */ = {isa = PBXFileReference; fileEncoding = 4; lastKnownFileType = sourcecode.c.objc; path = "RATreeView+RATreeNodeCollectionControllerDataSource.m"; sourceTree = "<group>"; };
		F981E8111D8FC6F200AA88A8 /* RATreeView+TableViewDataSource.h */ = {isa = PBXFileReference; fileEncoding = 4; lastKnownFileType = sourcecode.c.h; path = "RATreeView+TableViewDataSource.h"; sourceTree = "<group>"; };
		F981E8121D8FC6F200AA88A8 /* RATreeView+TableViewDataSource.m */ = {isa = PBXFileReference; fileEncoding = 4; lastKnownFileType = sourcecode.c.objc; path = "RATreeView+TableViewDataSource.m"; sourceTree = "<group>"; };
		F981E8131D8FC6F200AA88A8 /* RATreeView+TableViewDelegate.h */ = {isa = PBXFileReference; fileEncoding = 4; lastKnownFileType = sourcecode.c.h; path = "RATreeView+TableViewDelegate.h"; sourceTree = "<group>"; };
		F981E8141D8FC6F200AA88A8 /* RATreeView+TableViewDelegate.m */ = {isa = PBXFileReference; fileEncoding = 4; lastKnownFileType = sourcecode.c.objc; path = "RATreeView+TableViewDelegate.m"; sourceTree = "<group>"; };
		F981E8151D8FC6F200AA88A8 /* RATreeView_ClassExtension.h */ = {isa = PBXFileReference; fileEncoding = 4; lastKnownFileType = sourcecode.c.h; path = RATreeView_ClassExtension.h; sourceTree = "<group>"; };
		F981E8161D8FC6F200AA88A8 /* RATreeView.h */ = {isa = PBXFileReference; fileEncoding = 4; lastKnownFileType = sourcecode.c.h; path = RATreeView.h; sourceTree = "<group>"; };
		F981E8171D8FC6F200AA88A8 /* RATreeView.m */ = {isa = PBXFileReference; fileEncoding = 4; lastKnownFileType = sourcecode.c.objc; path = RATreeView.m; sourceTree = "<group>"; };
		F981E8261D8FC83F00AA88A8 /* RADataObject.h */ = {isa = PBXFileReference; fileEncoding = 4; lastKnownFileType = sourcecode.c.h; path = RADataObject.h; sourceTree = "<group>"; };
		F981E8271D8FC83F00AA88A8 /* RADataObject.m */ = {isa = PBXFileReference; fileEncoding = 4; lastKnownFileType = sourcecode.c.objc; path = RADataObject.m; sourceTree = "<group>"; };
		F981E8281D8FC83F00AA88A8 /* RATableViewCell.h */ = {isa = PBXFileReference; fileEncoding = 4; lastKnownFileType = sourcecode.c.h; path = RATableViewCell.h; sourceTree = "<group>"; };
		F981E8291D8FC83F00AA88A8 /* RATableViewCell.m */ = {isa = PBXFileReference; fileEncoding = 4; lastKnownFileType = sourcecode.c.objc; path = RATableViewCell.m; sourceTree = "<group>"; };
		F981E82A1D8FC83F00AA88A8 /* RATableViewCell.xib */ = {isa = PBXFileReference; fileEncoding = 4; lastKnownFileType = file.xib; path = RATableViewCell.xib; sourceTree = "<group>"; };
		F988FA161D78168300702D65 /* CoreDataTableViewController.h */ = {isa = PBXFileReference; fileEncoding = 4; lastKnownFileType = sourcecode.c.h; path = CoreDataTableViewController.h; sourceTree = "<group>"; };
		F988FA171D78168300702D65 /* CoreDataTableViewController.m */ = {isa = PBXFileReference; fileEncoding = 4; lastKnownFileType = sourcecode.c.objc; path = CoreDataTableViewController.m; sourceTree = "<group>"; };
		F9B4E8B91D71C43D00CB0FA8 /* HackerNews.app */ = {isa = PBXFileReference; explicitFileType = wrapper.application; includeInIndex = 0; path = HackerNews.app; sourceTree = BUILT_PRODUCTS_DIR; };
		F9B4E8BD1D71C43D00CB0FA8 /* main.m */ = {isa = PBXFileReference; lastKnownFileType = sourcecode.c.objc; path = main.m; sourceTree = "<group>"; };
		F9B4E8BF1D71C43D00CB0FA8 /* AppDelegate.h */ = {isa = PBXFileReference; lastKnownFileType = sourcecode.c.h; path = AppDelegate.h; sourceTree = "<group>"; };
		F9B4E8C01D71C43D00CB0FA8 /* AppDelegate.m */ = {isa = PBXFileReference; lastKnownFileType = sourcecode.c.objc; path = AppDelegate.m; sourceTree = "<group>"; };
		F9B4E8C61D71C43D00CB0FA8 /* Base */ = {isa = PBXFileReference; lastKnownFileType = file.storyboard; name = Base; path = Base.lproj/Main.storyboard; sourceTree = "<group>"; };
		F9B4E8C91D71C43D00CB0FA8 /* HackerNews.xcdatamodel */ = {isa = PBXFileReference; lastKnownFileType = wrapper.xcdatamodel; path = HackerNews.xcdatamodel; sourceTree = "<group>"; };
		F9B4E8CB1D71C43D00CB0FA8 /* Assets.xcassets */ = {isa = PBXFileReference; lastKnownFileType = folder.assetcatalog; path = Assets.xcassets; sourceTree = "<group>"; };
		F9B4E8CE1D71C43D00CB0FA8 /* Base */ = {isa = PBXFileReference; lastKnownFileType = file.storyboard; name = Base; path = Base.lproj/LaunchScreen.storyboard; sourceTree = "<group>"; };
		F9B4E8D01D71C43D00CB0FA8 /* Info.plist */ = {isa = PBXFileReference; lastKnownFileType = text.plist.xml; path = Info.plist; sourceTree = "<group>"; };
		F9B4E8D61D71C6CA00CB0FA8 /* User+CoreDataProperties.h */ = {isa = PBXFileReference; fileEncoding = 4; lastKnownFileType = sourcecode.c.h; path = "User+CoreDataProperties.h"; sourceTree = "<group>"; };
		F9B4E8D71D71C6CA00CB0FA8 /* User+CoreDataProperties.m */ = {isa = PBXFileReference; fileEncoding = 4; lastKnownFileType = sourcecode.c.objc; path = "User+CoreDataProperties.m"; sourceTree = "<group>"; };
		F9B4E8D81D71C6CA00CB0FA8 /* User.h */ = {isa = PBXFileReference; fileEncoding = 4; lastKnownFileType = sourcecode.c.h; path = User.h; sourceTree = "<group>"; };
		F9B4E8D91D71C6CA00CB0FA8 /* User.m */ = {isa = PBXFileReference; fileEncoding = 4; lastKnownFileType = sourcecode.c.objc; path = User.m; sourceTree = "<group>"; };
		F9B4E8DA1D71C6CA00CB0FA8 /* NewsItem+CoreDataProperties.h */ = {isa = PBXFileReference; fileEncoding = 4; lastKnownFileType = sourcecode.c.h; path = "NewsItem+CoreDataProperties.h"; sourceTree = "<group>"; };
		F9B4E8DB1D71C6CA00CB0FA8 /* NewsItem+CoreDataProperties.m */ = {isa = PBXFileReference; fileEncoding = 4; lastKnownFileType = sourcecode.c.objc; path = "NewsItem+CoreDataProperties.m"; sourceTree = "<group>"; };
		F9B4E8DC1D71C6CA00CB0FA8 /* NewsItem.h */ = {isa = PBXFileReference; fileEncoding = 4; lastKnownFileType = sourcecode.c.h; path = NewsItem.h; sourceTree = "<group>"; };
		F9B4E8DD1D71C6CA00CB0FA8 /* NewsItem.m */ = {isa = PBXFileReference; fileEncoding = 4; lastKnownFileType = sourcecode.c.objc; path = NewsItem.m; sourceTree = "<group>"; };
		F9B4E8E41D71C74300CB0FA8 /* HNFetcher.h */ = {isa = PBXFileReference; fileEncoding = 4; lastKnownFileType = sourcecode.c.h; path = HNFetcher.h; sourceTree = "<group>"; };
		F9B4E8E51D71C74300CB0FA8 /* HNFetcher.m */ = {isa = PBXFileReference; fileEncoding = 4; lastKnownFileType = sourcecode.c.objc; path = HNFetcher.m; sourceTree = "<group>"; };
		F9B4E8EF1D71C82200CB0FA8 /* NewsItemContentVC.h */ = {isa = PBXFileReference; fileEncoding = 4; lastKnownFileType = sourcecode.c.h; path = NewsItemContentVC.h; sourceTree = "<group>"; };
		F9B4E8F01D71C82200CB0FA8 /* NewsItemContentVC.m */ = {isa = PBXFileReference; fileEncoding = 4; lastKnownFileType = sourcecode.c.objc; path = NewsItemContentVC.m; sourceTree = "<group>"; };
		F9B4E8F11D71C82200CB0FA8 /* NewsTVC.h */ = {isa = PBXFileReference; fileEncoding = 4; lastKnownFileType = sourcecode.c.h; path = NewsTVC.h; sourceTree = "<group>"; };
		F9B4E8F21D71C82200CB0FA8 /* NewsTVC.m */ = {isa = PBXFileReference; fileEncoding = 4; lastKnownFileType = sourcecode.c.objc; path = NewsTVC.m; sourceTree = "<group>"; };
		F9B4E8F31D71C82200CB0FA8 /* NewsItemTVC.h */ = {isa = PBXFileReference; fileEncoding = 4; lastKnownFileType = sourcecode.c.h; path = NewsItemTVC.h; sourceTree = "<group>"; };
		F9B4E8F41D71C82200CB0FA8 /* NewsItemTVC.m */ = {isa = PBXFileReference; fileEncoding = 4; lastKnownFileType = sourcecode.c.objc; path = NewsItemTVC.m; sourceTree = "<group>"; };
		F9C8BB7A1D98EA770021C7AB /* HNWebViewController.h */ = {isa = PBXFileReference; fileEncoding = 4; lastKnownFileType = sourcecode.c.h; path = HNWebViewController.h; sourceTree = "<group>"; };
		F9C8BB7B1D98EA770021C7AB /* HNWebViewController.m */ = {isa = PBXFileReference; fileEncoding = 4; lastKnownFileType = sourcecode.c.objc; path = HNWebViewController.m; sourceTree = "<group>"; };
/* End PBXFileReference section */

/* Begin PBXFrameworksBuildPhase section */
		F9B4E8B61D71C43D00CB0FA8 /* Frameworks */ = {
			isa = PBXFrameworksBuildPhase;
			buildActionMask = 2147483647;
			files = (
				F939C0911D7D619F00AF23DE /* AFNetworking.framework in Frameworks */,
				F91FA0771D91064300E9A0E0 /* FormatterKit.framework in Frameworks */,
			);
			runOnlyForDeploymentPostprocessing = 0;
		};
/* End PBXFrameworksBuildPhase section */

/* Begin PBXGroup section */
		F903F8131D8BAE8200DDC885 /* SWRevealView Controller */ = {
			isa = PBXGroup;
			children = (
				F903F8141D8BAF5900DDC885 /* SWRevealViewController.h */,
				F903F8151D8BAF5900DDC885 /* SWRevealViewController.m */,
			);
			name = "SWRevealView Controller";
			sourceTree = "<group>";
		};
		F93B0D0A1D740C0C00D5A172 /* View Controller */ = {
			isa = PBXGroup;
			children = (
				F9C8BB7A1D98EA770021C7AB /* HNWebViewController.h */,
				F9C8BB7B1D98EA770021C7AB /* HNWebViewController.m */,
				F981E8261D8FC83F00AA88A8 /* RADataObject.h */,
				F981E8271D8FC83F00AA88A8 /* RADataObject.m */,
				F981E8281D8FC83F00AA88A8 /* RATableViewCell.h */,
				F981E8291D8FC83F00AA88A8 /* RATableViewCell.m */,
				F981E82A1D8FC83F00AA88A8 /* RATableViewCell.xib */,
				F903E9851D8D6576007931A4 /* CommentTVC.h */,
				F903E9861D8D6576007931A4 /* CommentTVC.m */,
				F988FA161D78168300702D65 /* CoreDataTableViewController.h */,
				F988FA171D78168300702D65 /* CoreDataTableViewController.m */,
				F9B4E8EF1D71C82200CB0FA8 /* NewsItemContentVC.h */,
				F9B4E8F01D71C82200CB0FA8 /* NewsItemContentVC.m */,
				F9B4E8F11D71C82200CB0FA8 /* NewsTVC.h */,
				F9B4E8F21D71C82200CB0FA8 /* NewsTVC.m */,
				F9B4E8F31D71C82200CB0FA8 /* NewsItemTVC.h */,
				F9B4E8F41D71C82200CB0FA8 /* NewsItemTVC.m */,
			);
			name = "View Controller";
			sourceTree = "<group>";
		};
		F981E7F71D8FC6F200AA88A8 /* RATreeView */ = {
			isa = PBXGroup;
			children = (
				F981E7F81D8FC6F200AA88A8 /* Private Files */,
				F981E8161D8FC6F200AA88A8 /* RATreeView.h */,
				F981E8171D8FC6F200AA88A8 /* RATreeView.m */,
			);
			path = RATreeView;
			sourceTree = "<group>";
		};
		F981E7F81D8FC6F200AA88A8 /* Private Files */ = {
			isa = PBXGroup;
			children = (
				F981E7F91D8FC6F200AA88A8 /* RABatchChangeEntity.h */,
				F981E7FA1D8FC6F200AA88A8 /* RABatchChangeEntity.m */,
				F981E7FB1D8FC6F200AA88A8 /* RABatchChanges.h */,
				F981E7FC1D8FC6F200AA88A8 /* RABatchChanges.m */,
				F981E7FD1D8FC6F200AA88A8 /* RATableView.h */,
				F981E7FE1D8FC6F200AA88A8 /* RATableView.m */,
				F981E7FF1D8FC6F200AA88A8 /* RATreeNode.h */,
				F981E8001D8FC6F200AA88A8 /* RATreeNode.m */,
				F981E8011D8FC6F200AA88A8 /* RATreeNode_ClassExtension.h */,
				F981E8021D8FC6F200AA88A8 /* RATreeNodeCollectionController.h */,
				F981E8031D8FC6F200AA88A8 /* RATreeNodeCollectionController.m */,
				F981E8041D8FC6F200AA88A8 /* RATreeNodeController.h */,
				F981E8051D8FC6F200AA88A8 /* RATreeNodeController.m */,
				F981E8061D8FC6F200AA88A8 /* RATreeNodeItem+ClassExtension.h */,
				F981E8071D8FC6F200AA88A8 /* RATreeNodeItem+Private.h */,
				F981E8081D8FC6F200AA88A8 /* RATreeNodeItem+Private.m */,
				F981E8091D8FC6F200AA88A8 /* RATreeNodeItem.h */,
				F981E80A1D8FC6F200AA88A8 /* RATreeNodeItem.m */,
				F981E80B1D8FC6F200AA88A8 /* RATreeView+Enums.h */,
				F981E80C1D8FC6F200AA88A8 /* RATreeView+Enums.m */,
				F981E80D1D8FC6F200AA88A8 /* RATreeView+Private.h */,
				F981E80E1D8FC6F200AA88A8 /* RATreeView+Private.m */,
				F981E80F1D8FC6F200AA88A8 /* RATreeView+RATreeNodeCollectionControllerDataSource.h */,
				F981E8101D8FC6F200AA88A8 /* RATreeView+RATreeNodeCollectionControllerDataSource.m */,
				F981E8111D8FC6F200AA88A8 /* RATreeView+TableViewDataSource.h */,
				F981E8121D8FC6F200AA88A8 /* RATreeView+TableViewDataSource.m */,
				F981E8131D8FC6F200AA88A8 /* RATreeView+TableViewDelegate.h */,
				F981E8141D8FC6F200AA88A8 /* RATreeView+TableViewDelegate.m */,
				F981E8151D8FC6F200AA88A8 /* RATreeView_ClassExtension.h */,
			);
			path = "Private Files";
			sourceTree = "<group>";
		};
		F9B4E8B01D71C43D00CB0FA8 = {
			isa = PBXGroup;
			children = (
				F91FA0761D91064300E9A0E0 /* FormatterKit.framework */,
				F939C0901D7D619F00AF23DE /* AFNetworking.framework */,
				F9B4E8BB1D71C43D00CB0FA8 /* HackerNews */,
				F9B4E8BA1D71C43D00CB0FA8 /* Products */,
			);
			sourceTree = "<group>";
		};
		F9B4E8BA1D71C43D00CB0FA8 /* Products */ = {
			isa = PBXGroup;
			children = (
				F9B4E8B91D71C43D00CB0FA8 /* HackerNews.app */,
			);
			name = Products;
			sourceTree = "<group>";
		};
		F9B4E8BB1D71C43D00CB0FA8 /* HackerNews */ = {
			isa = PBXGroup;
			children = (
				F9B4E8BF1D71C43D00CB0FA8 /* AppDelegate.h */,
				F9B4E8C01D71C43D00CB0FA8 /* AppDelegate.m */,
				F9B4E8C51D71C43D00CB0FA8 /* Main.storyboard */,
				F981E7F71D8FC6F200AA88A8 /* RATreeView */,
				F903F8131D8BAE8200DDC885 /* SWRevealView Controller */,
				F9B4E8E31D71C74300CB0FA8 /* HN Fetcher */,
				F9B4E8E21D71C6DC00CB0FA8 /* Core Data Model */,
				F93B0D0A1D740C0C00D5A172 /* View Controller */,
				F9B4E8BC1D71C43D00CB0FA8 /* Supporting Files */,
			);
			path = HackerNews;
			sourceTree = "<group>";
		};
		F9B4E8BC1D71C43D00CB0FA8 /* Supporting Files */ = {
			isa = PBXGroup;
			children = (
				F9B4E8CB1D71C43D00CB0FA8 /* Assets.xcassets */,
				F9B4E8CD1D71C43D00CB0FA8 /* LaunchScreen.storyboard */,
				F9B4E8D01D71C43D00CB0FA8 /* Info.plist */,
				F9B4E8BD1D71C43D00CB0FA8 /* main.m */,
			);
			name = "Supporting Files";
			sourceTree = "<group>";
		};
		F9B4E8E21D71C6DC00CB0FA8 /* Core Data Model */ = {
			isa = PBXGroup;
			children = (
				F9B4E8D81D71C6CA00CB0FA8 /* User.h */,
				F9B4E8D91D71C6CA00CB0FA8 /* User.m */,
				F9B4E8D61D71C6CA00CB0FA8 /* User+CoreDataProperties.h */,
				F9B4E8D71D71C6CA00CB0FA8 /* User+CoreDataProperties.m */,
				F93B0D0B1D74154F00D5A172 /* User+Create.h */,
				F93B0D0C1D74154F00D5A172 /* User+Create.m */,
				F930EF491D93E9A400E86DE0 /* StoryType.h */,
				F930EF4A1D93E9A400E86DE0 /* StoryType.m */,
				F930EF471D93E9A400E86DE0 /* StoryType+CoreDataProperties.h */,
				F930EF481D93E9A400E86DE0 /* StoryType+CoreDataProperties.m */,
				F930EF4D1D93EB6800E86DE0 /* StoryType+Create.h */,
				F930EF4E1D93EB6800E86DE0 /* StoryType+Create.m */,
				F9B4E8DC1D71C6CA00CB0FA8 /* NewsItem.h */,
				F9B4E8DD1D71C6CA00CB0FA8 /* NewsItem.m */,
				F9B4E8DA1D71C6CA00CB0FA8 /* NewsItem+CoreDataProperties.h */,
				F9B4E8DB1D71C6CA00CB0FA8 /* NewsItem+CoreDataProperties.m */,
				F93B0D0E1D74156600D5A172 /* NewsItem+Create.h */,
				F93B0D0F1D74156600D5A172 /* NewsItem+Create.m */,
				F9B4E8C81D71C43D00CB0FA8 /* HackerNews.xcdatamodeld */,
			);
			name = "Core Data Model";
			sourceTree = "<group>";
		};
		F9B4E8E31D71C74300CB0FA8 /* HN Fetcher */ = {
			isa = PBXGroup;
			children = (
				F9B4E8E41D71C74300CB0FA8 /* HNFetcher.h */,
				F9B4E8E51D71C74300CB0FA8 /* HNFetcher.m */,
			);
			path = "HN Fetcher";
			sourceTree = "<group>";
		};
/* End PBXGroup section */

/* Begin PBXNativeTarget section */
		F9B4E8B81D71C43D00CB0FA8 /* HackerNews */ = {
			isa = PBXNativeTarget;
			buildConfigurationList = F9B4E8D31D71C43D00CB0FA8 /* Build configuration list for PBXNativeTarget "HackerNews" */;
			buildPhases = (
				F9B4E8B51D71C43D00CB0FA8 /* Sources */,
				F9B4E8B61D71C43D00CB0FA8 /* Frameworks */,
				F9B4E8B71D71C43D00CB0FA8 /* Resources */,
				F939C0921D7D61E600AF23DE /* Run Script */,
			);
			buildRules = (
			);
			dependencies = (
			);
			name = HackerNews;
			productName = HackerNews;
			productReference = F9B4E8B91D71C43D00CB0FA8 /* HackerNews.app */;
			productType = "com.apple.product-type.application";
		};
/* End PBXNativeTarget section */

/* Begin PBXProject section */
		F9B4E8B11D71C43D00CB0FA8 /* Project object */ = {
			isa = PBXProject;
			attributes = {
				LastUpgradeCheck = 0730;
				ORGANIZATIONNAME = deepak;
				TargetAttributes = {
					F9B4E8B81D71C43D00CB0FA8 = {
						CreatedOnToolsVersion = 7.3.1;
						SystemCapabilities = {
							com.apple.BackgroundModes = {
								enabled = 1;
							};
						};
					};
				};
			};
			buildConfigurationList = F9B4E8B41D71C43D00CB0FA8 /* Build configuration list for PBXProject "HackerNews" */;
			compatibilityVersion = "Xcode 3.2";
			developmentRegion = English;
			hasScannedForEncodings = 0;
			knownRegions = (
				en,
				Base,
			);
			mainGroup = F9B4E8B01D71C43D00CB0FA8;
			productRefGroup = F9B4E8BA1D71C43D00CB0FA8 /* Products */;
			projectDirPath = "";
			projectRoot = "";
			targets = (
				F9B4E8B81D71C43D00CB0FA8 /* HackerNews */,
			);
		};
/* End PBXProject section */

/* Begin PBXResourcesBuildPhase section */
		F9B4E8B71D71C43D00CB0FA8 /* Resources */ = {
			isa = PBXResourcesBuildPhase;
			buildActionMask = 2147483647;
			files = (
				F9B4E8CF1D71C43D00CB0FA8 /* LaunchScreen.storyboard in Resources */,
				F9B4E8CC1D71C43D00CB0FA8 /* Assets.xcassets in Resources */,
				F981E82D1D8FC83F00AA88A8 /* RATableViewCell.xib in Resources */,
				F9B4E8C71D71C43D00CB0FA8 /* Main.storyboard in Resources */,
			);
			runOnlyForDeploymentPostprocessing = 0;
		};
/* End PBXResourcesBuildPhase section */

/* Begin PBXShellScriptBuildPhase section */
		F939C0921D7D61E600AF23DE /* Run Script */ = {
			isa = PBXShellScriptBuildPhase;
			buildActionMask = 2147483647;
			files = (
			);
			inputPaths = (
				"$(SRCROOT)/Carthage/Build/iOS/AFNetworking.framework",
				"$(SRCROOT)/Carthage/Build/iOS/FormatterKit.framework",
			);
			name = "Run Script";
			outputPaths = (
			);
			runOnlyForDeploymentPostprocessing = 0;
			shellPath = /bin/sh;
			shellScript = "/usr/local/bin/carthage copy-frameworks\n";
		};
/* End PBXShellScriptBuildPhase section */

/* Begin PBXSourcesBuildPhase section */
		F9B4E8B51D71C43D00CB0FA8 /* Sources */ = {
			isa = PBXSourcesBuildPhase;
			buildActionMask = 2147483647;
			files = (
				F930EF4C1D93E9A400E86DE0 /* StoryType.m in Sources */,
				F9B4E8DE1D71C6CA00CB0FA8 /* User+CoreDataProperties.m in Sources */,
				F981E8221D8FC6F200AA88A8 /* RATreeView+RATreeNodeCollectionControllerDataSource.m in Sources */,
				F981E8191D8FC6F200AA88A8 /* RABatchChanges.m in Sources */,
				F981E81A1D8FC6F200AA88A8 /* RATableView.m in Sources */,
				F9B4E8E11D71C6CA00CB0FA8 /* NewsItem.m in Sources */,
				F930EF4F1D93EB6800E86DE0 /* StoryType+Create.m in Sources */,
				F981E81D1D8FC6F200AA88A8 /* RATreeNodeController.m in Sources */,
				F981E8201D8FC6F200AA88A8 /* RATreeView+Enums.m in Sources */,
				F981E8231D8FC6F200AA88A8 /* RATreeView+TableViewDataSource.m in Sources */,
				F9B4E8E01D71C6CA00CB0FA8 /* NewsItem+CoreDataProperties.m in Sources */,
				F9B4E8E61D71C74300CB0FA8 /* HNFetcher.m in Sources */,
				F981E81E1D8FC6F200AA88A8 /* RATreeNodeItem+Private.m in Sources */,
				F981E82B1D8FC83F00AA88A8 /* RADataObject.m in Sources */,
				F981E81C1D8FC6F200AA88A8 /* RATreeNodeCollectionController.m in Sources */,
				F930EF4B1D93E9A400E86DE0 /* StoryType+CoreDataProperties.m in Sources */,
				F9B4E8F61D71C82200CB0FA8 /* NewsTVC.m in Sources */,
				F93B0D0D1D74154F00D5A172 /* User+Create.m in Sources */,
				F93B0D101D74156600D5A172 /* NewsItem+Create.m in Sources */,
				F9B4E8F71D71C82200CB0FA8 /* NewsItemTVC.m in Sources */,
				F981E8251D8FC6F200AA88A8 /* RATreeView.m in Sources */,
				F981E8241D8FC6F200AA88A8 /* RATreeView+TableViewDelegate.m in Sources */,
				F9B4E8DF1D71C6CA00CB0FA8 /* User.m in Sources */,
				F9C8BB7C1D98EA770021C7AB /* HNWebViewController.m in Sources */,
				F981E82C1D8FC83F00AA88A8 /* RATableViewCell.m in Sources */,
				F981E81B1D8FC6F200AA88A8 /* RATreeNode.m in Sources */,
				F91FA0751D90F57C00E9A0E0 /* CommentTVC.m in Sources */,
				F9B4E8C11D71C43D00CB0FA8 /* AppDelegate.m in Sources */,
				F903F8161D8BAF5900DDC885 /* SWRevealViewController.m in Sources */,
				F981E8211D8FC6F200AA88A8 /* RATreeView+Private.m in Sources */,
				F9B4E8CA1D71C43D00CB0FA8 /* HackerNews.xcdatamodeld in Sources */,
				F9B4E8F51D71C82200CB0FA8 /* NewsItemContentVC.m in Sources */,
				F981E81F1D8FC6F200AA88A8 /* RATreeNodeItem.m in Sources */,
				F9B4E8BE1D71C43D00CB0FA8 /* main.m in Sources */,
				F981E8181D8FC6F200AA88A8 /* RABatchChangeEntity.m in Sources */,
				F988FA181D78168300702D65 /* CoreDataTableViewController.m in Sources */,
			);
			runOnlyForDeploymentPostprocessing = 0;
		};
/* End PBXSourcesBuildPhase section */

/* Begin PBXVariantGroup section */
		F9B4E8C51D71C43D00CB0FA8 /* Main.storyboard */ = {
			isa = PBXVariantGroup;
			children = (
				F9B4E8C61D71C43D00CB0FA8 /* Base */,
			);
			name = Main.storyboard;
			sourceTree = "<group>";
		};
		F9B4E8CD1D71C43D00CB0FA8 /* LaunchScreen.storyboard */ = {
			isa = PBXVariantGroup;
			children = (
				F9B4E8CE1D71C43D00CB0FA8 /* Base */,
			);
			name = LaunchScreen.storyboard;
			sourceTree = "<group>";
		};
/* End PBXVariantGroup section */

/* Begin XCBuildConfiguration section */
		F9B4E8D11D71C43D00CB0FA8 /* Debug */ = {
			isa = XCBuildConfiguration;
			buildSettings = {
				ALWAYS_SEARCH_USER_PATHS = NO;
				CLANG_ANALYZER_NONNULL = YES;
				CLANG_CXX_LANGUAGE_STANDARD = "gnu++0x";
				CLANG_CXX_LIBRARY = "libc++";
				CLANG_ENABLE_MODULES = YES;
				CLANG_ENABLE_OBJC_ARC = YES;
				CLANG_WARN_BOOL_CONVERSION = YES;
				CLANG_WARN_CONSTANT_CONVERSION = YES;
				CLANG_WARN_DIRECT_OBJC_ISA_USAGE = YES_ERROR;
				CLANG_WARN_EMPTY_BODY = YES;
				CLANG_WARN_ENUM_CONVERSION = YES;
				CLANG_WARN_INT_CONVERSION = YES;
				CLANG_WARN_OBJC_ROOT_CLASS = YES_ERROR;
				CLANG_WARN_UNREACHABLE_CODE = YES;
				CLANG_WARN__DUPLICATE_METHOD_MATCH = YES;
				"CODE_SIGN_IDENTITY[sdk=iphoneos*]" = "iPhone Developer";
				COPY_PHASE_STRIP = NO;
				DEBUG_INFORMATION_FORMAT = dwarf;
				ENABLE_STRICT_OBJC_MSGSEND = YES;
				ENABLE_TESTABILITY = YES;
				GCC_C_LANGUAGE_STANDARD = gnu99;
				GCC_DYNAMIC_NO_PIC = NO;
				GCC_NO_COMMON_BLOCKS = YES;
				GCC_OPTIMIZATION_LEVEL = 0;
				GCC_PREPROCESSOR_DEFINITIONS = (
					"DEBUG=1",
					"$(inherited)",
				);
				GCC_WARN_64_TO_32_BIT_CONVERSION = YES;
				GCC_WARN_ABOUT_RETURN_TYPE = YES_ERROR;
				GCC_WARN_UNDECLARED_SELECTOR = YES;
				GCC_WARN_UNINITIALIZED_AUTOS = YES_AGGRESSIVE;
				GCC_WARN_UNUSED_FUNCTION = YES;
				GCC_WARN_UNUSED_VARIABLE = YES;
				IPHONEOS_DEPLOYMENT_TARGET = 9.3;
				MTL_ENABLE_DEBUG_INFO = YES;
				ONLY_ACTIVE_ARCH = YES;
				SDKROOT = iphoneos;
			};
			name = Debug;
		};
		F9B4E8D21D71C43D00CB0FA8 /* Release */ = {
			isa = XCBuildConfiguration;
			buildSettings = {
				ALWAYS_SEARCH_USER_PATHS = NO;
				CLANG_ANALYZER_NONNULL = YES;
				CLANG_CXX_LANGUAGE_STANDARD = "gnu++0x";
				CLANG_CXX_LIBRARY = "libc++";
				CLANG_ENABLE_MODULES = YES;
				CLANG_ENABLE_OBJC_ARC = YES;
				CLANG_WARN_BOOL_CONVERSION = YES;
				CLANG_WARN_CONSTANT_CONVERSION = YES;
				CLANG_WARN_DIRECT_OBJC_ISA_USAGE = YES_ERROR;
				CLANG_WARN_EMPTY_BODY = YES;
				CLANG_WARN_ENUM_CONVERSION = YES;
				CLANG_WARN_INT_CONVERSION = YES;
				CLANG_WARN_OBJC_ROOT_CLASS = YES_ERROR;
				CLANG_WARN_UNREACHABLE_CODE = YES;
				CLANG_WARN__DUPLICATE_METHOD_MATCH = YES;
				"CODE_SIGN_IDENTITY[sdk=iphoneos*]" = "iPhone Developer";
				COPY_PHASE_STRIP = NO;
				DEBUG_INFORMATION_FORMAT = "dwarf-with-dsym";
				ENABLE_NS_ASSERTIONS = NO;
				ENABLE_STRICT_OBJC_MSGSEND = YES;
				GCC_C_LANGUAGE_STANDARD = gnu99;
				GCC_NO_COMMON_BLOCKS = YES;
				GCC_WARN_64_TO_32_BIT_CONVERSION = YES;
				GCC_WARN_ABOUT_RETURN_TYPE = YES_ERROR;
				GCC_WARN_UNDECLARED_SELECTOR = YES;
				GCC_WARN_UNINITIALIZED_AUTOS = YES_AGGRESSIVE;
				GCC_WARN_UNUSED_FUNCTION = YES;
				GCC_WARN_UNUSED_VARIABLE = YES;
				IPHONEOS_DEPLOYMENT_TARGET = 9.3;
				MTL_ENABLE_DEBUG_INFO = NO;
				SDKROOT = iphoneos;
				VALIDATE_PRODUCT = YES;
			};
			name = Release;
		};
		F9B4E8D41D71C43D00CB0FA8 /* Debug */ = {
			isa = XCBuildConfiguration;
			buildSettings = {
				ASSETCATALOG_COMPILER_APPICON_NAME = AppIcon;
				FRAMEWORK_SEARCH_PATHS = (
					"$(inherited)",
					"$(PROJECT_DIR)/Carthage/Build/iOS",
				);
				INFOPLIST_FILE = HackerNews/Info.plist;
				IPHONEOS_DEPLOYMENT_TARGET = 9.3;
				LD_RUNPATH_SEARCH_PATHS = "$(inherited) @executable_path/Frameworks";
				PRODUCT_BUNDLE_IDENTIFIER = com.deepak.HackerNews;
				PRODUCT_NAME = "$(TARGET_NAME)";
			};
			name = Debug;
		};
		F9B4E8D51D71C43D00CB0FA8 /* Release */ = {
			isa = XCBuildConfiguration;
			buildSettings = {
				ASSETCATALOG_COMPILER_APPICON_NAME = AppIcon;
				FRAMEWORK_SEARCH_PATHS = (
					"$(inherited)",
					"$(PROJECT_DIR)/Carthage/Build/iOS",
				);
				INFOPLIST_FILE = HackerNews/Info.plist;
				IPHONEOS_DEPLOYMENT_TARGET = 9.3;
				LD_RUNPATH_SEARCH_PATHS = "$(inherited) @executable_path/Frameworks";
				PRODUCT_BUNDLE_IDENTIFIER = com.deepak.HackerNews;
				PRODUCT_NAME = "$(TARGET_NAME)";
			};
			name = Release;
		};
/* End XCBuildConfiguration section */

/* Begin XCConfigurationList section */
		F9B4E8B41D71C43D00CB0FA8 /* Build configuration list for PBXProject "HackerNews" */ = {
			isa = XCConfigurationList;
			buildConfigurations = (
				F9B4E8D11D71C43D00CB0FA8 /* Debug */,
				F9B4E8D21D71C43D00CB0FA8 /* Release */,
			);
			defaultConfigurationIsVisible = 0;
			defaultConfigurationName = Release;
		};
		F9B4E8D31D71C43D00CB0FA8 /* Build configuration list for PBXNativeTarget "HackerNews" */ = {
			isa = XCConfigurationList;
			buildConfigurations = (
				F9B4E8D41D71C43D00CB0FA8 /* Debug */,
				F9B4E8D51D71C43D00CB0FA8 /* Release */,
			);
			defaultConfigurationIsVisible = 0;
			defaultConfigurationName = Release;
		};
/* End XCConfigurationList section */

/* Begin XCVersionGroup section */
		F9B4E8C81D71C43D00CB0FA8 /* HackerNews.xcdatamodeld */ = {
			isa = XCVersionGroup;
			children = (
				F9B4E8C91D71C43D00CB0FA8 /* HackerNews.xcdatamodel */,
			);
			currentVersion = F9B4E8C91D71C43D00CB0FA8 /* HackerNews.xcdatamodel */;
			path = HackerNews.xcdatamodeld;
			sourceTree = "<group>";
			versionGroupType = wrapper.xcdatamodel;
		};
/* End XCVersionGroup section */
	};
	rootObject = F9B4E8B11D71C43D00CB0FA8 /* Project object */;
}
